// !$*UTF8*$!
{
	archiveVersion = 1;
	classes = {
	};
	objectVersion = 55;
	objects = {

/* Begin PBXBuildFile section */
		C923F020280E1EBA00367555 /* AppDelegate.swift in Sources */ = {isa = PBXBuildFile; fileRef = C923F01F280E1EBA00367555 /* AppDelegate.swift */; };
		C923F022280E1EBA00367555 /* SceneDelegate.swift in Sources */ = {isa = PBXBuildFile; fileRef = C923F021280E1EBA00367555 /* SceneDelegate.swift */; };
		C923F027280E1EBA00367555 /* Main.storyboard in Resources */ = {isa = PBXBuildFile; fileRef = C923F025280E1EBA00367555 /* Main.storyboard */; };
		C923F02A280E1EBA00367555 /* Journal_CoreData.xcdatamodeld in Sources */ = {isa = PBXBuildFile; fileRef = C923F028280E1EBA00367555 /* Journal_CoreData.xcdatamodeld */; };
		C923F02C280E1EBA00367555 /* Assets.xcassets in Resources */ = {isa = PBXBuildFile; fileRef = C923F02B280E1EBA00367555 /* Assets.xcassets */; };
		C923F02F280E1EBA00367555 /* LaunchScreen.storyboard in Resources */ = {isa = PBXBuildFile; fileRef = C923F02D280E1EBA00367555 /* LaunchScreen.storyboard */; };
		C923F03E280E1FF900367555 /* CoreDataStack.swift in Sources */ = {isa = PBXBuildFile; fileRef = C923F03D280E1FF900367555 /* CoreDataStack.swift */; };
		C923F040280E20F400367555 /* ENtry+Convenience.swift in Sources */ = {isa = PBXBuildFile; fileRef = C923F03F280E20F400367555 /* ENtry+Convenience.swift */; };
		C923F042280E223400367555 /* EntryController.swift in Sources */ = {isa = PBXBuildFile; fileRef = C923F041280E223400367555 /* EntryController.swift */; };
		C923F044280E26AF00367555 /* EntryListViewController.swift in Sources */ = {isa = PBXBuildFile; fileRef = C923F043280E26AF00367555 /* EntryListViewController.swift */; };
		C923F046280E276500367555 /* EntryTableViewCell.swift in Sources */ = {isa = PBXBuildFile; fileRef = C923F045280E276500367555 /* EntryTableViewCell.swift */; };
		C923F048280E2C9F00367555 /* EntryDetailViewController.swift in Sources */ = {isa = PBXBuildFile; fileRef = C923F047280E2C9F00367555 /* EntryDetailViewController.swift */; };
/* End PBXBuildFile section */

/* Begin PBXFileReference section */
		C923F01C280E1EBA00367555 /* Journal_CoreData.app */ = {isa = PBXFileReference; explicitFileType = wrapper.application; includeInIndex = 0; path = Journal_CoreData.app; sourceTree = BUILT_PRODUCTS_DIR; };
		C923F01F280E1EBA00367555 /* AppDelegate.swift */ = {isa = PBXFileReference; lastKnownFileType = sourcecode.swift; path = AppDelegate.swift; sourceTree = "<group>"; };
		C923F021280E1EBA00367555 /* SceneDelegate.swift */ = {isa = PBXFileReference; lastKnownFileType = sourcecode.swift; path = SceneDelegate.swift; sourceTree = "<group>"; };
		C923F026280E1EBA00367555 /* Base */ = {isa = PBXFileReference; lastKnownFileType = file.storyboard; name = Base; path = Base.lproj/Main.storyboard; sourceTree = "<group>"; };
		C923F029280E1EBA00367555 /* Journal_CoreData.xcdatamodel */ = {isa = PBXFileReference; lastKnownFileType = wrapper.xcdatamodel; path = Journal_CoreData.xcdatamodel; sourceTree = "<group>"; };
		C923F02B280E1EBA00367555 /* Assets.xcassets */ = {isa = PBXFileReference; lastKnownFileType = folder.assetcatalog; path = Assets.xcassets; sourceTree = "<group>"; };
		C923F02E280E1EBA00367555 /* Base */ = {isa = PBXFileReference; lastKnownFileType = file.storyboard; name = Base; path = Base.lproj/LaunchScreen.storyboard; sourceTree = "<group>"; };
		C923F030280E1EBA00367555 /* Info.plist */ = {isa = PBXFileReference; lastKnownFileType = text.plist.xml; path = Info.plist; sourceTree = "<group>"; };
		C923F03D280E1FF900367555 /* CoreDataStack.swift */ = {isa = PBXFileReference; lastKnownFileType = sourcecode.swift; path = CoreDataStack.swift; sourceTree = "<group>"; };
		C923F03F280E20F400367555 /* ENtry+Convenience.swift */ = {isa = PBXFileReference; lastKnownFileType = sourcecode.swift; path = "ENtry+Convenience.swift"; sourceTree = "<group>"; };
		C923F041280E223400367555 /* EntryController.swift */ = {isa = PBXFileReference; lastKnownFileType = sourcecode.swift; path = EntryController.swift; sourceTree = "<group>"; };
		C923F043280E26AF00367555 /* EntryListViewController.swift */ = {isa = PBXFileReference; lastKnownFileType = sourcecode.swift; path = EntryListViewController.swift; sourceTree = "<group>"; };
		C923F045280E276500367555 /* EntryTableViewCell.swift */ = {isa = PBXFileReference; lastKnownFileType = sourcecode.swift; path = EntryTableViewCell.swift; sourceTree = "<group>"; };
		C923F047280E2C9F00367555 /* EntryDetailViewController.swift */ = {isa = PBXFileReference; lastKnownFileType = sourcecode.swift; path = EntryDetailViewController.swift; sourceTree = "<group>"; };
/* End PBXFileReference section */

/* Begin PBXFrameworksBuildPhase section */
		C923F019280E1EBA00367555 /* Frameworks */ = {
			isa = PBXFrameworksBuildPhase;
			buildActionMask = 2147483647;
			files = (
			);
			runOnlyForDeploymentPostprocessing = 0;
		};
/* End PBXFrameworksBuildPhase section */

/* Begin PBXGroup section */
		C923F013280E1EBA00367555 = {
			isa = PBXGroup;
			children = (
				C923F01E280E1EBA00367555 /* Journal_CoreData */,
				C923F01D280E1EBA00367555 /* Products */,
			);
			sourceTree = "<group>";
		};
		C923F01D280E1EBA00367555 /* Products */ = {
			isa = PBXGroup;
			children = (
				C923F01C280E1EBA00367555 /* Journal_CoreData.app */,
			);
			name = Products;
			sourceTree = "<group>";
		};
		C923F01E280E1EBA00367555 /* Journal_CoreData */ = {
			isa = PBXGroup;
			children = (
				C923F03C280E1F5500367555 /* Models */,
				C923F039280E1F3E00367555 /* Controllers */,
				C923F038280E1F1100367555 /* Views */,
				C923F037280E1EE200367555 /* Resources */,
			);
			path = Journal_CoreData;
			sourceTree = "<group>";
		};
		C923F036280E1ED500367555 /* CoreData */ = {
			isa = PBXGroup;
			children = (
				C923F028280E1EBA00367555 /* Journal_CoreData.xcdatamodeld */,
				C923F03D280E1FF900367555 /* CoreDataStack.swift */,
				C923F03F280E20F400367555 /* ENtry+Convenience.swift */,
			);
			path = CoreData;
			sourceTree = "<group>";
		};
		C923F037280E1EE200367555 /* Resources */ = {
			isa = PBXGroup;
			children = (
				C923F01F280E1EBA00367555 /* AppDelegate.swift */,
				C923F021280E1EBA00367555 /* SceneDelegate.swift */,
				C923F02B280E1EBA00367555 /* Assets.xcassets */,
				C923F030280E1EBA00367555 /* Info.plist */,
			);
			path = Resources;
			sourceTree = "<group>";
		};
		C923F038280E1F1100367555 /* Views */ = {
			isa = PBXGroup;
			children = (
				C923F025280E1EBA00367555 /* Main.storyboard */,
				C923F02D280E1EBA00367555 /* LaunchScreen.storyboard */,
			);
			path = Views;
			sourceTree = "<group>";
		};
		C923F039280E1F3E00367555 /* Controllers */ = {
			isa = PBXGroup;
			children = (
				C923F03B280E1F4F00367555 /* ModelControllers */,
				C923F03A280E1F4400367555 /* ViewControllers */,
			);
			path = Controllers;
			sourceTree = "<group>";
		};
		C923F03A280E1F4400367555 /* ViewControllers */ = {
			isa = PBXGroup;
			children = (
				C923F043280E26AF00367555 /* EntryListViewController.swift */,
				C923F045280E276500367555 /* EntryTableViewCell.swift */,
				C923F047280E2C9F00367555 /* EntryDetailViewController.swift */,
			);
			path = ViewControllers;
			sourceTree = "<group>";
		};
		C923F03B280E1F4F00367555 /* ModelControllers */ = {
			isa = PBXGroup;
			children = (
				C923F041280E223400367555 /* EntryController.swift */,
			);
			path = ModelControllers;
			sourceTree = "<group>";
		};
		C923F03C280E1F5500367555 /* Models */ = {
			isa = PBXGroup;
			children = (
				C923F036280E1ED500367555 /* CoreData */,
			);
			path = Models;
			sourceTree = "<group>";
		};
/* End PBXGroup section */

/* Begin PBXNativeTarget section */
		C923F01B280E1EBA00367555 /* Journal_CoreData */ = {
			isa = PBXNativeTarget;
			buildConfigurationList = C923F033280E1EBA00367555 /* Build configuration list for PBXNativeTarget "Journal_CoreData" */;
			buildPhases = (
				C923F018280E1EBA00367555 /* Sources */,
				C923F019280E1EBA00367555 /* Frameworks */,
				C923F01A280E1EBA00367555 /* Resources */,
			);
			buildRules = (
			);
			dependencies = (
			);
			name = Journal_CoreData;
			productName = Journal_CoreData;
			productReference = C923F01C280E1EBA00367555 /* Journal_CoreData.app */;
			productType = "com.apple.product-type.application";
		};
/* End PBXNativeTarget section */

/* Begin PBXProject section */
		C923F014280E1EBA00367555 /* Project object */ = {
			isa = PBXProject;
			attributes = {
				BuildIndependentTargetsInParallel = 1;
				LastSwiftUpdateCheck = 1330;
				LastUpgradeCheck = 1330;
				TargetAttributes = {
					C923F01B280E1EBA00367555 = {
						CreatedOnToolsVersion = 13.3.1;
					};
				};
			};
			buildConfigurationList = C923F017280E1EBA00367555 /* Build configuration list for PBXProject "Journal_CoreData" */;
			compatibilityVersion = "Xcode 13.0";
			developmentRegion = en;
			hasScannedForEncodings = 0;
			knownRegions = (
				en,
				Base,
			);
			mainGroup = C923F013280E1EBA00367555;
			productRefGroup = C923F01D280E1EBA00367555 /* Products */;
			projectDirPath = "";
			projectRoot = "";
			targets = (
				C923F01B280E1EBA00367555 /* Journal_CoreData */,
			);
		};
/* End PBXProject section */

/* Begin PBXResourcesBuildPhase section */
		C923F01A280E1EBA00367555 /* Resources */ = {
			isa = PBXResourcesBuildPhase;
			buildActionMask = 2147483647;
			files = (
				C923F02F280E1EBA00367555 /* LaunchScreen.storyboard in Resources */,
				C923F02C280E1EBA00367555 /* Assets.xcassets in Resources */,
				C923F027280E1EBA00367555 /* Main.storyboard in Resources */,
			);
			runOnlyForDeploymentPostprocessing = 0;
		};
/* End PBXResourcesBuildPhase section */

/* Begin PBXSourcesBuildPhase section */
		C923F018280E1EBA00367555 /* Sources */ = {
			isa = PBXSourcesBuildPhase;
			buildActionMask = 2147483647;
			files = (
				C923F046280E276500367555 /* EntryTableViewCell.swift in Sources */,
				C923F042280E223400367555 /* EntryController.swift in Sources */,
				C923F020280E1EBA00367555 /* AppDelegate.swift in Sources */,
				C923F02A280E1EBA00367555 /* Journal_CoreData.xcdatamodeld in Sources */,
				C923F022280E1EBA00367555 /* SceneDelegate.swift in Sources */,
				C923F040280E20F400367555 /* ENtry+Convenience.swift in Sources */,
				C923F044280E26AF00367555 /* EntryListViewController.swift in Sources */,
				C923F048280E2C9F00367555 /* EntryDetailViewController.swift in Sources */,
				C923F03E280E1FF900367555 /* CoreDataStack.swift in Sources */,
			);
			runOnlyForDeploymentPostprocessing = 0;
		};
/* End PBXSourcesBuildPhase section */

/* Begin PBXVariantGroup section */
		C923F025280E1EBA00367555 /* Main.storyboard */ = {
			isa = PBXVariantGroup;
			children = (
				C923F026280E1EBA00367555 /* Base */,
			);
			name = Main.storyboard;
			sourceTree = "<group>";
		};
		C923F02D280E1EBA00367555 /* LaunchScreen.storyboard */ = {
			isa = PBXVariantGroup;
			children = (
				C923F02E280E1EBA00367555 /* Base */,
			);
			name = LaunchScreen.storyboard;
			sourceTree = "<group>";
		};
/* End PBXVariantGroup section */

/* Begin XCBuildConfiguration section */
		C923F031280E1EBA00367555 /* Debug */ = {
			isa = XCBuildConfiguration;
			buildSettings = {
				ALWAYS_SEARCH_USER_PATHS = NO;
				CLANG_ANALYZER_NONNULL = YES;
				CLANG_ANALYZER_NUMBER_OBJECT_CONVERSION = YES_AGGRESSIVE;
				CLANG_CXX_LANGUAGE_STANDARD = "gnu++17";
				CLANG_ENABLE_MODULES = YES;
				CLANG_ENABLE_OBJC_ARC = YES;
				CLANG_ENABLE_OBJC_WEAK = YES;
				CLANG_WARN_BLOCK_CAPTURE_AUTORELEASING = YES;
				CLANG_WARN_BOOL_CONVERSION = YES;
				CLANG_WARN_COMMA = YES;
				CLANG_WARN_CONSTANT_CONVERSION = YES;
				CLANG_WARN_DEPRECATED_OBJC_IMPLEMENTATIONS = YES;
				CLANG_WARN_DIRECT_OBJC_ISA_USAGE = YES_ERROR;
				CLANG_WARN_DOCUMENTATION_COMMENTS = YES;
				CLANG_WARN_EMPTY_BODY = YES;
				CLANG_WARN_ENUM_CONVERSION = YES;
				CLANG_WARN_INFINITE_RECURSION = YES;
				CLANG_WARN_INT_CONVERSION = YES;
				CLANG_WARN_NON_LITERAL_NULL_CONVERSION = YES;
				CLANG_WARN_OBJC_IMPLICIT_RETAIN_SELF = YES;
				CLANG_WARN_OBJC_LITERAL_CONVERSION = YES;
				CLANG_WARN_OBJC_ROOT_CLASS = YES_ERROR;
				CLANG_WARN_QUOTED_INCLUDE_IN_FRAMEWORK_HEADER = YES;
				CLANG_WARN_RANGE_LOOP_ANALYSIS = YES;
				CLANG_WARN_STRICT_PROTOTYPES = YES;
				CLANG_WARN_SUSPICIOUS_MOVE = YES;
				CLANG_WARN_UNGUARDED_AVAILABILITY = YES_AGGRESSIVE;
				CLANG_WARN_UNREACHABLE_CODE = YES;
				CLANG_WARN__DUPLICATE_METHOD_MATCH = YES;
				COPY_PHASE_STRIP = NO;
				DEBUG_INFORMATION_FORMAT = dwarf;
				ENABLE_STRICT_OBJC_MSGSEND = YES;
				ENABLE_TESTABILITY = YES;
				GCC_C_LANGUAGE_STANDARD = gnu11;
				GCC_DYNAMIC_NO_PIC = NO;
				GCC_NO_COMMON_BLOCKS = YES;
				GCC_OPTIMIZATION_LEVEL = 0;
				GCC_PREPROCESSOR_DEFINITIONS = (
					"DEBUG=1",
					"$(inherited)",
				);
				GCC_WARN_64_TO_32_BIT_CONVERSION = YES;
				GCC_WARN_ABOUT_RETURN_TYPE = YES_ERROR;
				GCC_WARN_UNDECLARED_SELECTOR = YES;
				GCC_WARN_UNINITIALIZED_AUTOS = YES_AGGRESSIVE;
				GCC_WARN_UNUSED_FUNCTION = YES;
				GCC_WARN_UNUSED_VARIABLE = YES;
				IPHONEOS_DEPLOYMENT_TARGET = 15.4;
				MTL_ENABLE_DEBUG_INFO = INCLUDE_SOURCE;
				MTL_FAST_MATH = YES;
				ONLY_ACTIVE_ARCH = YES;
				SDKROOT = iphoneos;
				SWIFT_ACTIVE_COMPILATION_CONDITIONS = DEBUG;
				SWIFT_OPTIMIZATION_LEVEL = "-Onone";
			};
			name = Debug;
		};
		C923F032280E1EBA00367555 /* Release */ = {
			isa = XCBuildConfiguration;
			buildSettings = {
				ALWAYS_SEARCH_USER_PATHS = NO;
				CLANG_ANALYZER_NONNULL = YES;
				CLANG_ANALYZER_NUMBER_OBJECT_CONVERSION = YES_AGGRESSIVE;
				CLANG_CXX_LANGUAGE_STANDARD = "gnu++17";
				CLANG_ENABLE_MODULES = YES;
				CLANG_ENABLE_OBJC_ARC = YES;
				CLANG_ENABLE_OBJC_WEAK = YES;
				CLANG_WARN_BLOCK_CAPTURE_AUTORELEASING = YES;
				CLANG_WARN_BOOL_CONVERSION = YES;
				CLANG_WARN_COMMA = YES;
				CLANG_WARN_CONSTANT_CONVERSION = YES;
				CLANG_WARN_DEPRECATED_OBJC_IMPLEMENTATIONS = YES;
				CLANG_WARN_DIRECT_OBJC_ISA_USAGE = YES_ERROR;
				CLANG_WARN_DOCUMENTATION_COMMENTS = YES;
				CLANG_WARN_EMPTY_BODY = YES;
				CLANG_WARN_ENUM_CONVERSION = YES;
				CLANG_WARN_INFINITE_RECURSION = YES;
				CLANG_WARN_INT_CONVERSION = YES;
				CLANG_WARN_NON_LITERAL_NULL_CONVERSION = YES;
				CLANG_WARN_OBJC_IMPLICIT_RETAIN_SELF = YES;
				CLANG_WARN_OBJC_LITERAL_CONVERSION = YES;
				CLANG_WARN_OBJC_ROOT_CLASS = YES_ERROR;
				CLANG_WARN_QUOTED_INCLUDE_IN_FRAMEWORK_HEADER = YES;
				CLANG_WARN_RANGE_LOOP_ANALYSIS = YES;
				CLANG_WARN_STRICT_PROTOTYPES = YES;
				CLANG_WARN_SUSPICIOUS_MOVE = YES;
				CLANG_WARN_UNGUARDED_AVAILABILITY = YES_AGGRESSIVE;
				CLANG_WARN_UNREACHABLE_CODE = YES;
				CLANG_WARN__DUPLICATE_METHOD_MATCH = YES;
				COPY_PHASE_STRIP = NO;
				DEBUG_INFORMATION_FORMAT = "dwarf-with-dsym";
				ENABLE_NS_ASSERTIONS = NO;
				ENABLE_STRICT_OBJC_MSGSEND = YES;
				GCC_C_LANGUAGE_STANDARD = gnu11;
				GCC_NO_COMMON_BLOCKS = YES;
				GCC_WARN_64_TO_32_BIT_CONVERSION = YES;
				GCC_WARN_ABOUT_RETURN_TYPE = YES_ERROR;
				GCC_WARN_UNDECLARED_SELECTOR = YES;
				GCC_WARN_UNINITIALIZED_AUTOS = YES_AGGRESSIVE;
				GCC_WARN_UNUSED_FUNCTION = YES;
				GCC_WARN_UNUSED_VARIABLE = YES;
				IPHONEOS_DEPLOYMENT_TARGET = 15.4;
				MTL_ENABLE_DEBUG_INFO = NO;
				MTL_FAST_MATH = YES;
				SDKROOT = iphoneos;
				SWIFT_COMPILATION_MODE = wholemodule;
				SWIFT_OPTIMIZATION_LEVEL = "-O";
				VALIDATE_PRODUCT = YES;
			};
			name = Release;
		};
		C923F034280E1EBA00367555 /* Debug */ = {
			isa = XCBuildConfiguration;
			buildSettings = {
				ASSETCATALOG_COMPILER_APPICON_NAME = AppIcon;
				ASSETCATALOG_COMPILER_GLOBAL_ACCENT_COLOR_NAME = AccentColor;
				CODE_SIGN_STYLE = Automatic;
				CURRENT_PROJECT_VERSION = 1;
				DEVELOPMENT_TEAM = ALTGSDSZNG;
				GENERATE_INFOPLIST_FILE = YES;
				INFOPLIST_FILE = Journal_CoreData/Resources/Info.plist;
				INFOPLIST_KEY_UIApplicationSupportsIndirectInputEvents = YES;
				INFOPLIST_KEY_UILaunchStoryboardName = LaunchScreen;
				INFOPLIST_KEY_UIMainStoryboardFile = Main;
				INFOPLIST_KEY_UISupportedInterfaceOrientations_iPad = "UIInterfaceOrientationPortrait UIInterfaceOrientationPortraitUpsideDown UIInterfaceOrientationLandscapeLeft UIInterfaceOrientationLandscapeRight";
				INFOPLIST_KEY_UISupportedInterfaceOrientations_iPhone = "UIInterfaceOrientationPortrait UIInterfaceOrientationLandscapeLeft UIInterfaceOrientationLandscapeRight";
				LD_RUNPATH_SEARCH_PATHS = (
					"$(inherited)",
					"@executable_path/Frameworks",
				);
				MARKETING_VERSION = 1.0;
				PRODUCT_BUNDLE_IDENTIFIER = "com.tasukuYamamoto.Journal-CoreData";
				PRODUCT_NAME = "$(TARGET_NAME)";
				SWIFT_EMIT_LOC_STRINGS = YES;
				SWIFT_VERSION = 5.0;
				TARGETED_DEVICE_FAMILY = "1,2";
			};
			name = Debug;
		};
		C923F035280E1EBA00367555 /* Release */ = {
			isa = XCBuildConfiguration;
			buildSettings = {
				ASSETCATALOG_COMPILER_APPICON_NAME = AppIcon;
				ASSETCATALOG_COMPILER_GLOBAL_ACCENT_COLOR_NAME = AccentColor;
				CODE_SIGN_STYLE = Automatic;
				CURRENT_PROJECT_VERSION = 1;
				DEVELOPMENT_TEAM = ALTGSDSZNG;
				GENERATE_INFOPLIST_FILE = YES;
				INFOPLIST_FILE = Journal_CoreData/Resources/Info.plist;
				INFOPLIST_KEY_UIApplicationSupportsIndirectInputEvents = YES;
				INFOPLIST_KEY_UILaunchStoryboardName = LaunchScreen;
				INFOPLIST_KEY_UIMainStoryboardFile = Main;
				INFOPLIST_KEY_UISupportedInterfaceOrientations_iPad = "UIInterfaceOrientationPortrait UIInterfaceOrientationPortraitUpsideDown UIInterfaceOrientationLandscapeLeft UIInterfaceOrientationLandscapeRight";
				INFOPLIST_KEY_UISupportedInterfaceOrientations_iPhone = "UIInterfaceOrientationPortrait UIInterfaceOrientationLandscapeLeft UIInterfaceOrientationLandscapeRight";
				LD_RUNPATH_SEARCH_PATHS = (
					"$(inherited)",
					"@executable_path/Frameworks",
				);
				MARKETING_VERSION = 1.0;
				PRODUCT_BUNDLE_IDENTIFIER = "com.tasukuYamamoto.Journal-CoreData";
				PRODUCT_NAME = "$(TARGET_NAME)";
				SWIFT_EMIT_LOC_STRINGS = YES;
				SWIFT_VERSION = 5.0;
				TARGETED_DEVICE_FAMILY = "1,2";
			};
			name = Release;
		};
/* End XCBuildConfiguration section */

/* Begin XCConfigurationList section */
		C923F017280E1EBA00367555 /* Build configuration list for PBXProject "Journal_CoreData" */ = {
			isa = XCConfigurationList;
			buildConfigurations = (
				C923F031280E1EBA00367555 /* Debug */,
				C923F032280E1EBA00367555 /* Release */,
			);
			defaultConfigurationIsVisible = 0;
			defaultConfigurationName = Release;
		};
		C923F033280E1EBA00367555 /* Build configuration list for PBXNativeTarget "Journal_CoreData" */ = {
			isa = XCConfigurationList;
			buildConfigurations = (
				C923F034280E1EBA00367555 /* Debug */,
				C923F035280E1EBA00367555 /* Release */,
			);
			defaultConfigurationIsVisible = 0;
			defaultConfigurationName = Release;
		};
/* End XCConfigurationList section */

/* Begin XCVersionGroup section */
		C923F028280E1EBA00367555 /* Journal_CoreData.xcdatamodeld */ = {
			isa = XCVersionGroup;
			children = (
				C923F029280E1EBA00367555 /* Journal_CoreData.xcdatamodel */,
			);
			currentVersion = C923F029280E1EBA00367555 /* Journal_CoreData.xcdatamodel */;
			path = Journal_CoreData.xcdatamodeld;
			sourceTree = "<group>";
			versionGroupType = wrapper.xcdatamodel;
		};
/* End XCVersionGroup section */
	};
	rootObject = C923F014280E1EBA00367555 /* Project object */;
}
